
Microsoft Visual Studio Solution File, Format Version 12.00
# Visual Studio Version 17
VisualStudioVersion = 17.8.34309.116
MinimumVisualStudioVersion = 10.0.40219.1
Project("{FAE04EC0-301F-11D3-BF4B-00C04F79EFBC}") = "RestaurantSYS_API", "RestaurantSYS_API\RestaurantSYS_API.csproj", "{C8E7C72A-8E2D-4B9D-82E9-22CCEDEAB8EE}"
EndProject
Global
	GlobalSection(SolutionConfigurationPlatforms) = preSolution
		Debug|Any CPU = Debug|Any CPU
		Release|Any CPU = Release|Any CPU
	EndGlobalSection
	GlobalSection(ProjectConfigurationPlatforms) = postSolution
		{C8E7C72A-8E2D-4B9D-82E9-22CCEDEAB8EE}.Debug|Any CPU.ActiveCfg = Debug|Any CPU
		{C8E7C72A-8E2D-4B9D-82E9-22CCEDEAB8EE}.Debug|Any CPU.Build.0 = Debug|Any CPU
		{C8E7C72A-8E2D-4B9D-82E9-22CCEDEAB8EE}.Release|Any CPU.ActiveCfg = Release|Any CPU
		{C8E7C72A-8E2D-4B9D-82E9-22CCEDEAB8EE}.Release|Any CPU.Build.0 = Release|Any CPU
	EndGlobalSection
	GlobalSection(SolutionProperties) = preSolution
		HideSolutionNode = FALSE
	EndGlobalSection
	GlobalSection(ExtensibilityGlobals) = postSolution
		SolutionGuid = {67541C01-49F9-4AE7-BD2C-75F2CD99A7EA}
	EndGlobalSection
EndGlobal
